
Microsoft Visual Studio Solution File, Format Version 12.00
# Visual Studio Version 17
VisualStudioVersion = 17.5.002.0
MinimumVisualStudioVersion = 10.0.40219.1
Project("{9A19103F-16F7-4668-BE54-9A1E7A4F7556}") = "Identity.Api", "Identity.Api.csproj", "{26B87C28-4A4E-410A-ABB7-1D12BF4ED7BA}"
EndProject
Global
	GlobalSection(SolutionConfigurationPlatforms) = preSolution
		Debug|Any CPU = Debug|Any CPU
		Release|Any CPU = Release|Any CPU
	EndGlobalSection
	GlobalSection(ProjectConfigurationPlatforms) = postSolution
		{26B87C28-4A4E-410A-ABB7-1D12BF4ED7BA}.Debug|Any CPU.ActiveCfg = Debug|Any CPU
		{26B87C28-4A4E-410A-ABB7-1D12BF4ED7BA}.Debug|Any CPU.Build.0 = Debug|Any CPU
		{26B87C28-4A4E-410A-ABB7-1D12BF4ED7BA}.Release|Any CPU.ActiveCfg = Release|Any CPU
		{26B87C28-4A4E-410A-ABB7-1D12BF4ED7BA}.Release|Any CPU.Build.0 = Release|Any CPU
	EndGlobalSection
	GlobalSection(SolutionProperties) = preSolution
		HideSolutionNode = FALSE
	EndGlobalSection
	GlobalSection(ExtensibilityGlobals) = postSolution
		SolutionGuid = {6447C47C-A25A-4678-B08A-B0E27140BD17}
	EndGlobalSection
EndGlobal
